
Microsoft Visual Studio Solution File, Format Version 12.00
# Visual Studio Version 17
VisualStudioVersion = 17.7.34018.315
MinimumVisualStudioVersion = 10.0.40219.1
Project("{FAE04EC0-301F-11D3-BF4B-00C04F79EFBC}") = "CarRental", "CarRental.csproj", "{D1516442-8CAB-487A-A0AF-760FAE4FFCEC}"
EndProject
Project("{FAE04EC0-301F-11D3-BF4B-00C04F79EFBC}") = "BUS", "..\BUS\BUS.csproj", "{6F6C1910-A6CF-445B-8F0C-20CDD31A5D3A}"
EndProject
Project("{FAE04EC0-301F-11D3-BF4B-00C04F79EFBC}") = "DTO", "..\DTO\DTO.csproj", "{1333C7DF-4825-4F06-A9AF-70504DD828ED}"
EndProject
Project("{FAE04EC0-301F-11D3-BF4B-00C04F79EFBC}") = "DAL", "..\DAL\DAL.csproj", "{749E6C56-9942-4B6C-833D-F23EFBA9F437}"
EndProject
Global
	GlobalSection(SolutionConfigurationPlatforms) = preSolution
		Debug|Any CPU = Debug|Any CPU
		Release|Any CPU = Release|Any CPU
	EndGlobalSection
	GlobalSection(ProjectConfigurationPlatforms) = postSolution
		{D1516442-8CAB-487A-A0AF-760FAE4FFCEC}.Debug|Any CPU.ActiveCfg = Debug|Any CPU
		{D1516442-8CAB-487A-A0AF-760FAE4FFCEC}.Debug|Any CPU.Build.0 = Debug|Any CPU
		{D1516442-8CAB-487A-A0AF-760FAE4FFCEC}.Release|Any CPU.ActiveCfg = Release|Any CPU
		{D1516442-8CAB-487A-A0AF-760FAE4FFCEC}.Release|Any CPU.Build.0 = Release|Any CPU
		{6F6C1910-A6CF-445B-8F0C-20CDD31A5D3A}.Debug|Any CPU.ActiveCfg = Debug|Any CPU
		{6F6C1910-A6CF-445B-8F0C-20CDD31A5D3A}.Debug|Any CPU.Build.0 = Debug|Any CPU
		{6F6C1910-A6CF-445B-8F0C-20CDD31A5D3A}.Release|Any CPU.ActiveCfg = Release|Any CPU
		{6F6C1910-A6CF-445B-8F0C-20CDD31A5D3A}.Release|Any CPU.Build.0 = Release|Any CPU
		{1333C7DF-4825-4F06-A9AF-70504DD828ED}.Debug|Any CPU.ActiveCfg = Debug|Any CPU
		{1333C7DF-4825-4F06-A9AF-70504DD828ED}.Debug|Any CPU.Build.0 = Debug|Any CPU
		{1333C7DF-4825-4F06-A9AF-70504DD828ED}.Release|Any CPU.ActiveCfg = Release|Any CPU
		{1333C7DF-4825-4F06-A9AF-70504DD828ED}.Release|Any CPU.Build.0 = Release|Any CPU
		{749E6C56-9942-4B6C-833D-F23EFBA9F437}.Debug|Any CPU.ActiveCfg = Debug|Any CPU
		{749E6C56-9942-4B6C-833D-F23EFBA9F437}.Debug|Any CPU.Build.0 = Debug|Any CPU
		{749E6C56-9942-4B6C-833D-F23EFBA9F437}.Release|Any CPU.ActiveCfg = Release|Any CPU
		{749E6C56-9942-4B6C-833D-F23EFBA9F437}.Release|Any CPU.Build.0 = Release|Any CPU
	EndGlobalSection
	GlobalSection(SolutionProperties) = preSolution
		HideSolutionNode = FALSE
	EndGlobalSection
	GlobalSection(ExtensibilityGlobals) = postSolution
		SolutionGuid = {6C00C77F-DADC-4842-BA22-81CA803F6EB5}
	EndGlobalSection
EndGlobal
