
Microsoft Visual Studio Solution File, Format Version 12.00
# Visual Studio Version 17
VisualStudioVersion = 17.7.34031.279
MinimumVisualStudioVersion = 10.0.40219.1
Project("{FAE04EC0-301F-11D3-BF4B-00C04F79EFBC}") = "CarRental", "CarRental.csproj", "{527473C9-AC8B-4937-B1B2-C3FDD269B955}"
EndProject
Project("{FAE04EC0-301F-11D3-BF4B-00C04F79EFBC}") = "BUS", "..\BUS\BUS.csproj", "{9AF768F3-EDD6-426F-96A4-2CD9429A544B}"
EndProject
Project("{FAE04EC0-301F-11D3-BF4B-00C04F79EFBC}") = "DTO", "..\DTO\DTO.csproj", "{92E2B4A4-4659-4456-AD3F-D484CCD94BCA}"
EndProject
Project("{FAE04EC0-301F-11D3-BF4B-00C04F79EFBC}") = "DAL", "..\DAL\DAL.csproj", "{7A004D9F-C0A9-455C-B2C3-FC35A8D4F602}"
EndProject
Global
	GlobalSection(SolutionConfigurationPlatforms) = preSolution
		Debug|Any CPU = Debug|Any CPU
		Release|Any CPU = Release|Any CPU
	EndGlobalSection
	GlobalSection(ProjectConfigurationPlatforms) = postSolution
		{527473C9-AC8B-4937-B1B2-C3FDD269B955}.Debug|Any CPU.ActiveCfg = Debug|Any CPU
		{527473C9-AC8B-4937-B1B2-C3FDD269B955}.Debug|Any CPU.Build.0 = Debug|Any CPU
		{527473C9-AC8B-4937-B1B2-C3FDD269B955}.Release|Any CPU.ActiveCfg = Release|Any CPU
		{527473C9-AC8B-4937-B1B2-C3FDD269B955}.Release|Any CPU.Build.0 = Release|Any CPU
		{9AF768F3-EDD6-426F-96A4-2CD9429A544B}.Debug|Any CPU.ActiveCfg = Debug|Any CPU
		{9AF768F3-EDD6-426F-96A4-2CD9429A544B}.Debug|Any CPU.Build.0 = Debug|Any CPU
		{9AF768F3-EDD6-426F-96A4-2CD9429A544B}.Release|Any CPU.ActiveCfg = Release|Any CPU
		{9AF768F3-EDD6-426F-96A4-2CD9429A544B}.Release|Any CPU.Build.0 = Release|Any CPU
		{92E2B4A4-4659-4456-AD3F-D484CCD94BCA}.Debug|Any CPU.ActiveCfg = Debug|Any CPU
		{92E2B4A4-4659-4456-AD3F-D484CCD94BCA}.Debug|Any CPU.Build.0 = Debug|Any CPU
		{92E2B4A4-4659-4456-AD3F-D484CCD94BCA}.Release|Any CPU.ActiveCfg = Release|Any CPU
		{92E2B4A4-4659-4456-AD3F-D484CCD94BCA}.Release|Any CPU.Build.0 = Release|Any CPU
		{7A004D9F-C0A9-455C-B2C3-FC35A8D4F602}.Debug|Any CPU.ActiveCfg = Debug|Any CPU
		{7A004D9F-C0A9-455C-B2C3-FC35A8D4F602}.Debug|Any CPU.Build.0 = Debug|Any CPU
		{7A004D9F-C0A9-455C-B2C3-FC35A8D4F602}.Release|Any CPU.ActiveCfg = Release|Any CPU
		{7A004D9F-C0A9-455C-B2C3-FC35A8D4F602}.Release|Any CPU.Build.0 = Release|Any CPU
	EndGlobalSection
	GlobalSection(SolutionProperties) = preSolution
		HideSolutionNode = FALSE
	EndGlobalSection
	GlobalSection(ExtensibilityGlobals) = postSolution
		SolutionGuid = {060A7199-D5F6-4ECB-82E7-E77B43D8732C}
	EndGlobalSection
EndGlobal
